
Microsoft Visual Studio Solution File, Format Version 12.00
# Visual Studio Version 16
VisualStudioVersion = 16.0.30804.86
MinimumVisualStudioVersion = 10.0.40219.1
Project("{FAE04EC0-301F-11D3-BF4B-00C04F79EFBC}") = "FarmaciaFatima", "FarmaciaFatima\FarmaciaFatima.csproj", "{1E179511-01EE-4C3A-945B-31522E7C0A7C}"
EndProject
Global
	GlobalSection(SolutionConfigurationPlatforms) = preSolution
		Debug|Any CPU = Debug|Any CPU
		Release|Any CPU = Release|Any CPU
	EndGlobalSection
	GlobalSection(ProjectConfigurationPlatforms) = postSolution
		{1E179511-01EE-4C3A-945B-31522E7C0A7C}.Debug|Any CPU.ActiveCfg = Debug|Any CPU
		{1E179511-01EE-4C3A-945B-31522E7C0A7C}.Debug|Any CPU.Build.0 = Debug|Any CPU
		{1E179511-01EE-4C3A-945B-31522E7C0A7C}.Release|Any CPU.ActiveCfg = Release|Any CPU
		{1E179511-01EE-4C3A-945B-31522E7C0A7C}.Release|Any CPU.Build.0 = Release|Any CPU
	EndGlobalSection
	GlobalSection(SolutionProperties) = preSolution
		HideSolutionNode = FALSE
	EndGlobalSection
	GlobalSection(ExtensibilityGlobals) = postSolution
		SolutionGuid = {500311EF-983D-4612-A50F-C0CEFDEE1C84}
	EndGlobalSection
EndGlobal
